<?xml version="1.0" encoding="utf-8"?>
<Project ToolsVersion="4.0" xmlns="http://schemas.microsoft.com/developer/msbuild/2003">
  <ItemGroup>
    <Filter Include="Source Files">
      <UniqueIdentifier>{4FC737F1-C7A5-4376-A066-2A32D752A2FF}</UniqueIdentifier>
      <Extensions>cpp;c;cc;cxx;c++;def;odl;idl;hpj;bat;asm;asmx</Extensions>
    </Filter>
    <Filter Include="Header Files">
      <UniqueIdentifier>{93995380-89BD-4b04-88EB-625FBE52EBFB}</UniqueIdentifier>
      <Extensions>h;hh;hpp;hxx;h++;hm;inl;inc;ipp;xsd</Extensions>
    </Filter>
    <Filter Include="Resource Files">
      <UniqueIdentifier>{67DA6AB6-F800-4c08-8B7A-83BB121AAD01}</UniqueIdentifier>
      <Extensions>rc;ico;cur;bmp;dlg;rc2;rct;bin;rgs;gif;jpg;jpeg;jpe;resx;tiff;tif;png;wav;mfcribbon-ms</Extensions>
    </Filter>
    <Filter Include="Source Files\PackingSlip">
      <UniqueIdentifier>{b63ddc7a-8282-4687-9e55-9e42bdfa3c8b}</UniqueIdentifier>
    </Filter>
    <Filter Include="Header Files\PackingSlip">
      <UniqueIdentifier>{7b744677-52d5-451d-9170-03ff987f13f4}</UniqueIdentifier>
    </Filter>
    <Filter Include="Source Files\Application">
      <UniqueIdentifier>{c4847ae5-5d31-4457-9571-8f412105c817}</UniqueIdentifier>
    </Filter>
    <Filter Include="Header Files\Application">
      <UniqueIdentifier>{a32cc5a1-1be6-4e2b-9c36-a41692cb2c59}</UniqueIdentifier>
    </Filter>
  </ItemGroup>
  <ItemGroup>
    <ClCompile Include="main.cpp">
      <Filter>Source Files</Filter>
    </ClCompile>
    <ClCompile Include="slip.cpp">
      <Filter>Source Files\PackingSlip</Filter>
    </ClCompile>
    <ClCompile Include="item.cpp">
      <Filter>Source Files\PackingSlip</Filter>
    </ClCompile>
    <ClCompile Include="entity.cpp">
      <Filter>Source Files\PackingSlip</Filter>
    </ClCompile>
    <ClCompile Include="company.cpp">
      <Filter>Source Files\PackingSlip</Filter>
    </ClCompile>
  </ItemGroup>
  <ItemGroup>
    <ClInclude Include="address.h">
      <Filter>Header Files\PackingSlip</Filter>
    </ClInclude>
    <ClInclude Include="company.h">
      <Filter>Header Files\PackingSlip</Filter>
    </ClInclude>
    <ClInclude Include="entity.h">
      <Filter>Header Files\PackingSlip</Filter>
    </ClInclude>
    <ClInclude Include="item.h">
      <Filter>Header Files\PackingSlip</Filter>
    </ClInclude>
    <ClInclude Include="slip.h">
      <Filter>Header Files\PackingSlip</Filter>
    </ClInclude>
    <ClInclude Include="menu.h">
      <Filter>Header Files\Application</Filter>
    </ClInclude>
  </ItemGroup>
</Project>